
Microsoft Visual Studio Solution File, Format Version 12.00
# Visual Studio 15
VisualStudioVersion = 15.0.25618.0
MinimumVisualStudioVersion = 10.0.40219.1
Project("{FAE04EC0-301F-11D3-BF4B-00C04F79EFBC}") = "Trackify", "Trackify\Trackify.csproj", "{EFDA66A3-071C-403E-8C0D-06522D295759}"
EndProject
Global
	GlobalSection(SolutionConfigurationPlatforms) = preSolution
		Debug|Any CPU = Debug|Any CPU
		Deployment|Any CPU = Deployment|Any CPU
		Release|Any CPU = Release|Any CPU
	EndGlobalSection
	GlobalSection(ProjectConfigurationPlatforms) = postSolution
		{EFDA66A3-071C-403E-8C0D-06522D295759}.Debug|Any CPU.ActiveCfg = Debug|Any CPU
		{EFDA66A3-071C-403E-8C0D-06522D295759}.Debug|Any CPU.Build.0 = Debug|Any CPU
		{EFDA66A3-071C-403E-8C0D-06522D295759}.Deployment|Any CPU.ActiveCfg = Deployment|Any CPU
		{EFDA66A3-071C-403E-8C0D-06522D295759}.Deployment|Any CPU.Build.0 = Deployment|Any CPU
		{EFDA66A3-071C-403E-8C0D-06522D295759}.Release|Any CPU.ActiveCfg = Release|Any CPU
		{EFDA66A3-071C-403E-8C0D-06522D295759}.Release|Any CPU.Build.0 = Release|Any CPU
	EndGlobalSection
	GlobalSection(SolutionProperties) = preSolution
		HideSolutionNode = FALSE
	EndGlobalSection
EndGlobal
